
Microsoft Visual Studio Solution File, Format Version 11.00
# Visual Studio 2010
Project("{FAE04EC0-301F-11D3-BF4B-00C04F79EFBC}") = "mcs-net_4_x", "mcs-net_4_x.csproj", "{322A755A-ED38-4295-979D-E49EBAFA2852}"
EndProject
Global
	GlobalSection(SolutionConfigurationPlatforms) = preSolution
		Debug|Any CPU = Debug|Any CPU
		Release|Any CPU = Release|Any CPU
	EndGlobalSection
	GlobalSection(ProjectConfigurationPlatforms) = postSolution
		{322A755A-ED38-4295-979D-E49EBAFA2852}.Debug|Any CPU.ActiveCfg = Debug|Any CPU
		{322A755A-ED38-4295-979D-E49EBAFA2852}.Debug|Any CPU.Build.0 = Debug|Any CPU
		{322A755A-ED38-4295-979D-E49EBAFA2852}.Release|Any CPU.ActiveCfg = Release|Any CPU
		{322A755A-ED38-4295-979D-E49EBAFA2852}.Release|Any CPU.Build.0 = Release|Any CPU
	EndGlobalSection
EndGlobal
